
Microsoft Visual Studio Solution File, Format Version 12.00
# Visual Studio Version 16
VisualStudioVersion = 16.0.31911.196
MinimumVisualStudioVersion = 10.0.40219.1
Project("{9A19103F-16F7-4668-BE54-9A1E7A4F7556}") = "Hebron", "..\..\Hebron\src\Hebron\Hebron.csproj", "{3577D4B5-0891-4A68-98CF-B21308589828}"
EndProject
Project("{9A19103F-16F7-4668-BE54-9A1E7A4F7556}") = "SqliteSharp.Generator", "SqliteSharp.Generator\SqliteSharp.Generator.csproj", "{6FC64824-CD41-447D-8B5E-8FCA42268D05}"
EndProject
Global
	GlobalSection(SolutionConfigurationPlatforms) = preSolution
		Debug|Any CPU = Debug|Any CPU
		Release|Any CPU = Release|Any CPU
	EndGlobalSection
	GlobalSection(ProjectConfigurationPlatforms) = postSolution
		{3577D4B5-0891-4A68-98CF-B21308589828}.Debug|Any CPU.ActiveCfg = Debug|Any CPU
		{3577D4B5-0891-4A68-98CF-B21308589828}.Debug|Any CPU.Build.0 = Debug|Any CPU
		{3577D4B5-0891-4A68-98CF-B21308589828}.Release|Any CPU.ActiveCfg = Release|Any CPU
		{3577D4B5-0891-4A68-98CF-B21308589828}.Release|Any CPU.Build.0 = Release|Any CPU
		{6FC64824-CD41-447D-8B5E-8FCA42268D05}.Debug|Any CPU.ActiveCfg = Debug|Any CPU
		{6FC64824-CD41-447D-8B5E-8FCA42268D05}.Debug|Any CPU.Build.0 = Debug|Any CPU
		{6FC64824-CD41-447D-8B5E-8FCA42268D05}.Release|Any CPU.ActiveCfg = Release|Any CPU
		{6FC64824-CD41-447D-8B5E-8FCA42268D05}.Release|Any CPU.Build.0 = Release|Any CPU
	EndGlobalSection
	GlobalSection(SolutionProperties) = preSolution
		HideSolutionNode = FALSE
	EndGlobalSection
	GlobalSection(ExtensibilityGlobals) = postSolution
		SolutionGuid = {ACF4E34C-5E6B-44ED-AA80-A1C43BA55B85}
	EndGlobalSection
EndGlobal
